lockfileVersion: '9.0'

settings:
  autoInstallPeers: true
  excludeLinksFromLockfile: false

importers:

  .:
    dependencies:
      '@effect/platform':
        specifier: ^0.93.3
        version: 0.93.3(effect@3.19.3)
      '@effect/platform-node':
        specifier: ^0.101.1
        version: 0.101.1(@effect/cluster@0.53.5(@effect/platform@0.93.3(effect@3.19.3))(@effect/rpc@0.72.2(@effect/platform@0.93.3(effect@3.19.3))(effect@3.19.3))(@effect/sql@0.48.0(@effect/experimental@0.57.4(@effect/platform@0.93.3(effect@3.19.3))(effect@3.19.3))(@effect/platform@0.93.3(effect@3.19.3))(effect@3.19.3))(@effect/workflow@0.13.0(@effect/experimental@0.57.4(@effect/platform@0.93.3(effect@3.19.3))(effect@3.19.3))(@effect/platform@0.93.3(effect@3.19.3))(@effect/rpc@0.72.2(@effect/platform@0.93.3(effect@3.19.3))(effect@3.19.3))(effect@3.19.3))(effect@3.19.3))(@effect/platform@0.93.3(effect@3.19.3))(@effect/rpc@0.72.2(@effect/platform@0.93.3(effect@3.19.3))(effect@3.19.3))(@effect/sql@0.48.0(@effect/experimental@0.57.4(@effect/platform@0.93.3(effect@3.19.3))(effect@3.19.3))(@effect/platform@0.93.3(effect@3.19.3))(effect@3.19.3))(effect@3.19.3)
      effect:
        specifier: ^3.19.3
        version: 3.19.3
      simple-git:
        specifier: ^3.30.0
        version: 3.30.0
    devDependencies:
      '@biomejs/biome':
        specifier: ^2.3.4
        version: 2.3.4
      '@effect/language-service':
        specifier: ^0.55.2
        version: 0.55.2
      '@types/node':
        specifier: ^22
        version: 22.19.0
      '@types/vscode':
        specifier: ^1.105.0
        version: 1.105.0
      esbuild:
        specifier: ^0.25.10
        version: 0.25.12
      typescript:
        specifier: ^5.9.3
        version: 5.9.3

packages:

  '@biomejs/biome@2.3.4':
    resolution: {integrity: sha512-TU08LXjBHdy0mEY9APtEtZdNQQijXUDSXR7IK1i45wgoPD5R0muK7s61QcFir6FpOj/RP1+YkPx5QJlycXUU3w==}
    engines: {node: '>=14.21.3'}
    hasBin: true

  '@biomejs/cli-darwin-arm64@2.3.4':
    resolution: {integrity: sha512-w40GvlNzLaqmuWYiDU6Ys9FNhJiclngKqcGld3iJIiy2bpJ0Q+8n3haiaC81uTPY/NA0d8Q/I3Z9+ajc14102Q==}
    engines: {node: '>=14.21.3'}
    cpu: [arm64]
    os: [darwin]

  '@biomejs/cli-darwin-x64@2.3.4':
    resolution: {integrity: sha512-3s7TLVtjJ7ni1xADXsS7x7GMUrLBZXg8SemXc3T0XLslzvqKj/dq1xGeBQ+pOWQzng9MaozfacIHdK2UlJ3jGA==}
    engines: {node: '>=14.21.3'}
    cpu: [x64]
    os: [darwin]

  '@biomejs/cli-linux-arm64-musl@2.3.4':
    resolution: {integrity: sha512-IruVGQRwMURivWazchiq7gKAqZSFs5so6gi0hJyxk7x6HR+iwZbO2IxNOqyLURBvL06qkIHs7Wffl6Bw30vCbQ==}
    engines: {node: '>=14.21.3'}
    cpu: [arm64]
    os: [linux]

  '@biomejs/cli-linux-arm64@2.3.4':
    resolution: {integrity: sha512-y7efHyyM2gYmHy/AdWEip+VgTMe9973aP7XYKPzu/j8JxnPHuSUXftzmPhkVw0lfm4ECGbdBdGD6+rLmTgNZaA==}
    engines: {node: '>=14.21.3'}
    cpu: [arm64]
    os: [linux]

  '@biomejs/cli-linux-x64-musl@2.3.4':
    resolution: {integrity: sha512-mzKFFv/w66e4/jCobFmD3kymCqG+FuWE7sVa4Yjqd9v7qt2UhXo67MSZKY9Ih18V2IwPzRKQPCw6KwdZs6AXSA==}
    engines: {node: '>=14.21.3'}
    cpu: [x64]
    os: [linux]

  '@biomejs/cli-linux-x64@2.3.4':
    resolution: {integrity: sha512-gKfjWR/6/dfIxPJCw8REdEowiXCkIpl9jycpNVHux8aX2yhWPLjydOshkDL6Y/82PcQJHn95VCj7J+BRcE5o1Q==}
    engines: {node: '>=14.21.3'}
    cpu: [x64]
    os: [linux]

  '@biomejs/cli-win32-arm64@2.3.4':
    resolution: {integrity: sha512-5TJ6JfVez+yyupJ/iGUici2wzKf0RrSAxJhghQXtAEsc67OIpdwSKAQboemILrwKfHDi5s6mu7mX+VTCTUydkw==}
    engines: {node: '>=14.21.3'}
    cpu: [arm64]
    os: [win32]

  '@biomejs/cli-win32-x64@2.3.4':
    resolution: {integrity: sha512-FGCijXecmC4IedQ0esdYNlMpx0Jxgf4zceCaMu6fkjWyjgn50ZQtMiqZZQ0Q/77yqPxvtkgZAvt5uGw0gAAjig==}
    engines: {node: '>=14.21.3'}
    cpu: [x64]
    os: [win32]

  '@effect/cluster@0.53.5':
    resolution: {integrity: sha512-eXPHIizdG5sOqxmkpWyEM6YoqMRakguxRped3lYcEopKj4N1K4nE9JANbKHXqzxPjnAvit+r7zDSuwHUw9nfAw==}
    peerDependencies:
      '@effect/platform': ^0.93.3
      '@effect/rpc': ^0.72.2
      '@effect/sql': ^0.48.0
      '@effect/workflow': ^0.13.0
      effect: ^3.19.6

  '@effect/experimental@0.57.4':
    resolution: {integrity: sha512-1qbOGSugeDoCoXGdIsTBk53pKwk4aImmPIghhya1MBUSSExHi9YRn6u0PNQecungNyeKDz6A8k1+rZIbsMQy4g==}
    peerDependencies:
      '@effect/platform': ^0.93.3
      effect: ^3.19.5
      ioredis: ^5
      lmdb: ^3
    peerDependenciesMeta:
      ioredis:
        optional: true
      lmdb:
        optional: true

  '@effect/language-service@0.55.2':
    resolution: {integrity: sha512-qagsdSuwwfyPw4Ns98c7YtkVS1gnYLtYIBVcwgAy29o2iVuC2h+u1GKVmD5zC9FvSWz3rAwbdVxij4cglrQBhw==}
    hasBin: true

  '@effect/platform-node-shared@0.54.0':
    resolution: {integrity: sha512-prTgG3CXqmrxB4Rg6utfwCTqjlGwjAEvK7R4g3HzVdFpfFRum+FQBpGHUcjyz7EejkDtBY2MWJC3Wr1QKDPjPw==}
    peerDependencies:
      '@effect/cluster': ^0.53.0
      '@effect/platform': ^0.93.3
      '@effect/rpc': ^0.72.2
      '@effect/sql': ^0.48.0
      effect: ^3.19.5

  '@effect/platform-node@0.101.1':
    resolution: {integrity: sha512-uShujtpWU0VbdhRKhoo6tXzTG1xT0bnj8u5Q1BHpanwKPmzOhf4n0XLlMl5PaihH5Cp7xHuQlwgZlqHzhqSHzw==}
    peerDependencies:
      '@effect/cluster': ^0.53.4
      '@effect/platform': ^0.93.3
      '@effect/rpc': ^0.72.2
      '@effect/sql': ^0.48.0
      effect: ^3.19.6

  '@effect/platform@0.93.3':
    resolution: {integrity: sha512-s88zctkeXba24Mjy7MEFMuam1p5sXmsG7uQjPIDE6EiC+2IFUQd8976TtangiU0e8qu0SALpjIH1P1QyC7/1og==}
    peerDependencies:
      effect: ^3.19.4

  '@effect/rpc@0.72.2':
    resolution: {integrity: sha512-BmTXybXCOq96D2r9mvSW/YdiTQs5CStnd4II+lfVKrMr3pMNERKLZ2LG37Tfm4Sy3Q8ire6IVVKO/CN+VR0uQQ==}
    peerDependencies:
      '@effect/platform': ^0.93.3
      effect: ^3.19.5

  '@effect/sql@0.48.0':
    resolution: {integrity: sha512-tubdizHriDwzHUnER9UsZ/0TtF6O2WJckzeYDbVSRPeMkrpdpyEzEsoKctechTm65B3Bxy6JIixGPg2FszY72A==}
    peerDependencies:
      '@effect/experimental': ^0.57.0
      '@effect/platform': ^0.93.0
      effect: ^3.19.0

  '@effect/workflow@0.13.0':
    resolution: {integrity: sha512-RbEZSk+UuZxMgb9Kg0kSWYDRFylE2iSqSHxi9w0yxPn4EU46Fctwlz3j/sFE3XVaa4Qhje3qYFnvzg4NkHgbkw==}
    peerDependencies:
      '@effect/experimental': ^0.57.3
      '@effect/platform': ^0.93.3
      '@effect/rpc': ^0.72.2
      effect: ^3.19.5

  '@esbuild/aix-ppc64@0.25.12':
    resolution: {integrity: sha512-Hhmwd6CInZ3dwpuGTF8fJG6yoWmsToE+vYgD4nytZVxcu1ulHpUQRAB1UJ8+N1Am3Mz4+xOByoQoSZf4D+CpkA==}
    engines: {node: '>=18'}
    cpu: [ppc64]
    os: [aix]

  '@esbuild/android-arm64@0.25.12':
    resolution: {integrity: sha512-6AAmLG7zwD1Z159jCKPvAxZd4y/VTO0VkprYy+3N2FtJ8+BQWFXU+OxARIwA46c5tdD9SsKGZ/1ocqBS/gAKHg==}
    engines: {node: '>=18'}
    cpu: [arm64]
    os: [android]

  '@esbuild/android-arm@0.25.12':
    resolution: {integrity: sha512-VJ+sKvNA/GE7Ccacc9Cha7bpS8nyzVv0jdVgwNDaR4gDMC/2TTRc33Ip8qrNYUcpkOHUT5OZ0bUcNNVZQ9RLlg==}
    engines: {node: '>=18'}
    cpu: [arm]
    os: [android]

  '@esbuild/android-x64@0.25.12':
    resolution: {integrity: sha512-5jbb+2hhDHx5phYR2By8GTWEzn6I9UqR11Kwf22iKbNpYrsmRB18aX/9ivc5cabcUiAT/wM+YIZ6SG9QO6a8kg==}
    engines: {node: '>=18'}
    cpu: [x64]
    os: [android]

  '@esbuild/darwin-arm64@0.25.12':
    resolution: {integrity: sha512-N3zl+lxHCifgIlcMUP5016ESkeQjLj/959RxxNYIthIg+CQHInujFuXeWbWMgnTo4cp5XVHqFPmpyu9J65C1Yg==}
    engines: {node: '>=18'}
    cpu: [arm64]
    os: [darwin]

  '@esbuild/darwin-x64@0.25.12':
    resolution: {integrity: sha512-HQ9ka4Kx21qHXwtlTUVbKJOAnmG1ipXhdWTmNXiPzPfWKpXqASVcWdnf2bnL73wgjNrFXAa3yYvBSd9pzfEIpA==}
    engines: {node: '>=18'}
    cpu: [x64]
    os: [darwin]

  '@esbuild/freebsd-arm64@0.25.12':
    resolution: {integrity: sha512-gA0Bx759+7Jve03K1S0vkOu5Lg/85dou3EseOGUes8flVOGxbhDDh/iZaoek11Y8mtyKPGF3vP8XhnkDEAmzeg==}
    engines: {node: '>=18'}
    cpu: [arm64]
    os: [freebsd]

  '@esbuild/freebsd-x64@0.25.12':
    resolution: {integrity: sha512-TGbO26Yw2xsHzxtbVFGEXBFH0FRAP7gtcPE7P5yP7wGy7cXK2oO7RyOhL5NLiqTlBh47XhmIUXuGciXEqYFfBQ==}
    engines: {node: '>=18'}
    cpu: [x64]
    os: [freebsd]

  '@esbuild/linux-arm64@0.25.12':
    resolution: {integrity: sha512-8bwX7a8FghIgrupcxb4aUmYDLp8pX06rGh5HqDT7bB+8Rdells6mHvrFHHW2JAOPZUbnjUpKTLg6ECyzvas2AQ==}
    engines: {node: '>=18'}
    cpu: [arm64]
    os: [linux]

  '@esbuild/linux-arm@0.25.12':
    resolution: {integrity: sha512-lPDGyC1JPDou8kGcywY0YILzWlhhnRjdof3UlcoqYmS9El818LLfJJc3PXXgZHrHCAKs/Z2SeZtDJr5MrkxtOw==}
    engines: {node: '>=18'}
    cpu: [arm]
    os: [linux]

  '@esbuild/linux-ia32@0.25.12':
    resolution: {integrity: sha512-0y9KrdVnbMM2/vG8KfU0byhUN+EFCny9+8g202gYqSSVMonbsCfLjUO+rCci7pM0WBEtz+oK/PIwHkzxkyharA==}
    engines: {node: '>=18'}
    cpu: [ia32]
    os: [linux]

  '@esbuild/linux-loong64@0.25.12':
    resolution: {integrity: sha512-h///Lr5a9rib/v1GGqXVGzjL4TMvVTv+s1DPoxQdz7l/AYv6LDSxdIwzxkrPW438oUXiDtwM10o9PmwS/6Z0Ng==}
    engines: {node: '>=18'}
    cpu: [loong64]
    os: [linux]

  '@esbuild/linux-mips64el@0.25.12':
    resolution: {integrity: sha512-iyRrM1Pzy9GFMDLsXn1iHUm18nhKnNMWscjmp4+hpafcZjrr2WbT//d20xaGljXDBYHqRcl8HnxbX6uaA/eGVw==}
    engines: {node: '>=18'}
    cpu: [mips64el]
    os: [linux]

  '@esbuild/linux-ppc64@0.25.12':
    resolution: {integrity: sha512-9meM/lRXxMi5PSUqEXRCtVjEZBGwB7P/D4yT8UG/mwIdze2aV4Vo6U5gD3+RsoHXKkHCfSxZKzmDssVlRj1QQA==}
    engines: {node: '>=18'}
    cpu: [ppc64]
    os: [linux]

  '@esbuild/linux-riscv64@0.25.12':
    resolution: {integrity: sha512-Zr7KR4hgKUpWAwb1f3o5ygT04MzqVrGEGXGLnj15YQDJErYu/BGg+wmFlIDOdJp0PmB0lLvxFIOXZgFRrdjR0w==}
    engines: {node: '>=18'}
    cpu: [riscv64]
    os: [linux]

  '@esbuild/linux-s390x@0.25.12':
    resolution: {integrity: sha512-MsKncOcgTNvdtiISc/jZs/Zf8d0cl/t3gYWX8J9ubBnVOwlk65UIEEvgBORTiljloIWnBzLs4qhzPkJcitIzIg==}
    engines: {node: '>=18'}
    cpu: [s390x]
    os: [linux]

  '@esbuild/linux-x64@0.25.12':
    resolution: {integrity: sha512-uqZMTLr/zR/ed4jIGnwSLkaHmPjOjJvnm6TVVitAa08SLS9Z0VM8wIRx7gWbJB5/J54YuIMInDquWyYvQLZkgw==}
    engines: {node: '>=18'}
    cpu: [x64]
    os: [linux]

  '@esbuild/netbsd-arm64@0.25.12':
    resolution: {integrity: sha512-xXwcTq4GhRM7J9A8Gv5boanHhRa/Q9KLVmcyXHCTaM4wKfIpWkdXiMog/KsnxzJ0A1+nD+zoecuzqPmCRyBGjg==}
    engines: {node: '>=18'}
    cpu: [arm64]
    os: [netbsd]

  '@esbuild/netbsd-x64@0.25.12':
    resolution: {integrity: sha512-Ld5pTlzPy3YwGec4OuHh1aCVCRvOXdH8DgRjfDy/oumVovmuSzWfnSJg+VtakB9Cm0gxNO9BzWkj6mtO1FMXkQ==}
    engines: {node: '>=18'}
    cpu: [x64]
    os: [netbsd]

  '@esbuild/openbsd-arm64@0.25.12':
    resolution: {integrity: sha512-fF96T6KsBo/pkQI950FARU9apGNTSlZGsv1jZBAlcLL1MLjLNIWPBkj5NlSz8aAzYKg+eNqknrUJ24QBybeR5A==}
    engines: {node: '>=18'}
    cpu: [arm64]
    os: [openbsd]

  '@esbuild/openbsd-x64@0.25.12':
    resolution: {integrity: sha512-MZyXUkZHjQxUvzK7rN8DJ3SRmrVrke8ZyRusHlP+kuwqTcfWLyqMOE3sScPPyeIXN/mDJIfGXvcMqCgYKekoQw==}
    engines: {node: '>=18'}
    cpu: [x64]
    os: [openbsd]

  '@esbuild/openharmony-arm64@0.25.12':
    resolution: {integrity: sha512-rm0YWsqUSRrjncSXGA7Zv78Nbnw4XL6/dzr20cyrQf7ZmRcsovpcRBdhD43Nuk3y7XIoW2OxMVvwuRvk9XdASg==}
    engines: {node: '>=18'}
    cpu: [arm64]
    os: [openharmony]

  '@esbuild/sunos-x64@0.25.12':
    resolution: {integrity: sha512-3wGSCDyuTHQUzt0nV7bocDy72r2lI33QL3gkDNGkod22EsYl04sMf0qLb8luNKTOmgF/eDEDP5BFNwoBKH441w==}
    engines: {node: '>=18'}
    cpu: [x64]
    os: [sunos]

  '@esbuild/win32-arm64@0.25.12':
    resolution: {integrity: sha512-rMmLrur64A7+DKlnSuwqUdRKyd3UE7oPJZmnljqEptesKM8wx9J8gx5u0+9Pq0fQQW8vqeKebwNXdfOyP+8Bsg==}
    engines: {node: '>=18'}
    cpu: [arm64]
    os: [win32]

  '@esbuild/win32-ia32@0.25.12':
    resolution: {integrity: sha512-HkqnmmBoCbCwxUKKNPBixiWDGCpQGVsrQfJoVGYLPT41XWF8lHuE5N6WhVia2n4o5QK5M4tYr21827fNhi4byQ==}
    engines: {node: '>=18'}
    cpu: [ia32]
    os: [win32]

  '@esbuild/win32-x64@0.25.12':
    resolution: {integrity: sha512-alJC0uCZpTFrSL0CCDjcgleBXPnCrEAhTBILpeAp7M/OFgoqtAetfBzX0xM00MUsVVPpVjlPuMbREqnZCXaTnA==}
    engines: {node: '>=18'}
    cpu: [x64]
    os: [win32]

  '@kwsites/file-exists@1.1.1':
    resolution: {integrity: sha512-m9/5YGR18lIwxSFDwfE3oA7bWuq9kdau6ugN4H2rJeyhFQZcG9AgSHkQtSD15a8WvTgfz9aikZMrKPHvbpqFiw==}

  '@kwsites/promise-deferred@1.1.1':
    resolution: {integrity: sha512-GaHYm+c0O9MjZRu0ongGBRbinu8gVAMd2UZjji6jVmqKtZluZnptXGWhz1E8j8D2HJ3f/yMxKAUC0b+57wncIw==}

  '@msgpackr-extract/msgpackr-extract-darwin-arm64@3.0.3':
    resolution: {integrity: sha512-QZHtlVgbAdy2zAqNA9Gu1UpIuI8Xvsd1v8ic6B2pZmeFnFcMWiPLfWXh7TVw4eGEZ/C9TH281KwhVoeQUKbyjw==}
    cpu: [arm64]
    os: [darwin]

  '@msgpackr-extract/msgpackr-extract-darwin-x64@3.0.3':
    resolution: {integrity: sha512-mdzd3AVzYKuUmiWOQ8GNhl64/IoFGol569zNRdkLReh6LRLHOXxU4U8eq0JwaD8iFHdVGqSy4IjFL4reoWCDFw==}
    cpu: [x64]
    os: [darwin]

  '@msgpackr-extract/msgpackr-extract-linux-arm64@3.0.3':
    resolution: {integrity: sha512-YxQL+ax0XqBJDZiKimS2XQaf+2wDGVa1enVRGzEvLLVFeqa5kx2bWbtcSXgsxjQB7nRqqIGFIcLteF/sHeVtQg==}
    cpu: [arm64]
    os: [linux]

  '@msgpackr-extract/msgpackr-extract-linux-arm@3.0.3':
    resolution: {integrity: sha512-fg0uy/dG/nZEXfYilKoRe7yALaNmHoYeIoJuJ7KJ+YyU2bvY8vPv27f7UKhGRpY6euFYqEVhxCFZgAUNQBM3nw==}
    cpu: [arm]
    os: [linux]

  '@msgpackr-extract/msgpackr-extract-linux-x64@3.0.3':
    resolution: {integrity: sha512-cvwNfbP07pKUfq1uH+S6KJ7dT9K8WOE4ZiAcsrSes+UY55E/0jLYc+vq+DO7jlmqRb5zAggExKm0H7O/CBaesg==}
    cpu: [x64]
    os: [linux]

  '@msgpackr-extract/msgpackr-extract-win32-x64@3.0.3':
    resolution: {integrity: sha512-x0fWaQtYp4E6sktbsdAqnehxDgEc/VwM7uLsRCYWaiGu0ykYdZPiS8zCWdnjHwyiumousxfBm4SO31eXqwEZhQ==}
    cpu: [x64]
    os: [win32]

  '@parcel/watcher-android-arm64@2.5.1':
    resolution: {integrity: sha512-KF8+j9nNbUN8vzOFDpRMsaKBHZ/mcjEjMToVMJOhTozkDonQFFrRcfdLWn6yWKCmJKmdVxSgHiYvTCef4/qcBA==}
    engines: {node: '>= 10.0.0'}
    cpu: [arm64]
    os: [android]

  '@parcel/watcher-darwin-arm64@2.5.1':
    resolution: {integrity: sha512-eAzPv5osDmZyBhou8PoF4i6RQXAfeKL9tjb3QzYuccXFMQU0ruIc/POh30ePnaOyD1UXdlKguHBmsTs53tVoPw==}
    engines: {node: '>= 10.0.0'}
    cpu: [arm64]
    os: [darwin]

  '@parcel/watcher-darwin-x64@2.5.1':
    resolution: {integrity: sha512-1ZXDthrnNmwv10A0/3AJNZ9JGlzrF82i3gNQcWOzd7nJ8aj+ILyW1MTxVk35Db0u91oD5Nlk9MBiujMlwmeXZg==}
    engines: {node: '>= 10.0.0'}
    cpu: [x64]
    os: [darwin]

  '@parcel/watcher-freebsd-x64@2.5.1':
    resolution: {integrity: sha512-SI4eljM7Flp9yPuKi8W0ird8TI/JK6CSxju3NojVI6BjHsTyK7zxA9urjVjEKJ5MBYC+bLmMcbAWlZ+rFkLpJQ==}
    engines: {node: '>= 10.0.0'}
    cpu: [x64]
    os: [freebsd]

  '@parcel/watcher-linux-arm-glibc@2.5.1':
    resolution: {integrity: sha512-RCdZlEyTs8geyBkkcnPWvtXLY44BCeZKmGYRtSgtwwnHR4dxfHRG3gR99XdMEdQ7KeiDdasJwwvNSF5jKtDwdA==}
    engines: {node: '>= 10.0.0'}
    cpu: [arm]
    os: [linux]

  '@parcel/watcher-linux-arm-musl@2.5.1':
    resolution: {integrity: sha512-6E+m/Mm1t1yhB8X412stiKFG3XykmgdIOqhjWj+VL8oHkKABfu/gjFj8DvLrYVHSBNC+/u5PeNrujiSQ1zwd1Q==}
    engines: {node: '>= 10.0.0'}
    cpu: [arm]
    os: [linux]

  '@parcel/watcher-linux-arm64-glibc@2.5.1':
    resolution: {integrity: sha512-LrGp+f02yU3BN9A+DGuY3v3bmnFUggAITBGriZHUREfNEzZh/GO06FF5u2kx8x+GBEUYfyTGamol4j3m9ANe8w==}
    engines: {node: '>= 10.0.0'}
    cpu: [arm64]
    os: [linux]

  '@parcel/watcher-linux-arm64-musl@2.5.1':
    resolution: {integrity: sha512-cFOjABi92pMYRXS7AcQv9/M1YuKRw8SZniCDw0ssQb/noPkRzA+HBDkwmyOJYp5wXcsTrhxO0zq1U11cK9jsFg==}
    engines: {node: '>= 10.0.0'}
    cpu: [arm64]
    os: [linux]

  '@parcel/watcher-linux-x64-glibc@2.5.1':
    resolution: {integrity: sha512-GcESn8NZySmfwlTsIur+49yDqSny2IhPeZfXunQi48DMugKeZ7uy1FX83pO0X22sHntJ4Ub+9k34XQCX+oHt2A==}
    engines: {node: '>= 10.0.0'}
    cpu: [x64]
    os: [linux]

  '@parcel/watcher-linux-x64-musl@2.5.1':
    resolution: {integrity: sha512-n0E2EQbatQ3bXhcH2D1XIAANAcTZkQICBPVaxMeaCVBtOpBZpWJuf7LwyWPSBDITb7In8mqQgJ7gH8CILCURXg==}
    engines: {node: '>= 10.0.0'}
    cpu: [x64]
    os: [linux]

  '@parcel/watcher-win32-arm64@2.5.1':
    resolution: {integrity: sha512-RFzklRvmc3PkjKjry3hLF9wD7ppR4AKcWNzH7kXR7GUe0Igb3Nz8fyPwtZCSquGrhU5HhUNDr/mKBqj7tqA2Vw==}
    engines: {node: '>= 10.0.0'}
    cpu: [arm64]
    os: [win32]

  '@parcel/watcher-win32-ia32@2.5.1':
    resolution: {integrity: sha512-c2KkcVN+NJmuA7CGlaGD1qJh1cLfDnQsHjE89E60vUEMlqduHGCdCLJCID5geFVM0dOtA3ZiIO8BoEQmzQVfpQ==}
    engines: {node: '>= 10.0.0'}
    cpu: [ia32]
    os: [win32]

  '@parcel/watcher-win32-x64@2.5.1':
    resolution: {integrity: sha512-9lHBdJITeNR++EvSQVUcaZoWupyHfXe1jZvGZ06O/5MflPcuPLtEphScIBL+AiCWBO46tDSHzWyD0uDmmZqsgA==}
    engines: {node: '>= 10.0.0'}
    cpu: [x64]
    os: [win32]

  '@parcel/watcher@2.5.1':
    resolution: {integrity: sha512-dfUnCxiN9H4ap84DvD2ubjw+3vUNpstxa0TneY/Paat8a3R4uQZDLSvWjmznAY/DoahqTHl9V46HF/Zs3F29pg==}
    engines: {node: '>= 10.0.0'}

  '@standard-schema/spec@1.0.0':
    resolution: {integrity: sha512-m2bOd0f2RT9k8QJx1JN85cZYyH1RqFBdlwtkSlf4tBDYLCiiZnv1fIIwacK6cqwXavOydf0NPToMQgpKq+dVlA==}

  '@types/node@22.19.0':
    resolution: {integrity: sha512-xpr/lmLPQEj+TUnHmR+Ab91/glhJvsqcjB+yY0Ix9GO70H6Lb4FHH5GeqdOE5btAx7eIMwuHkp4H2MSkLcqWbA==}

  '@types/vscode@1.105.0':
    resolution: {integrity: sha512-Lotk3CTFlGZN8ray4VxJE7axIyLZZETQJVWi/lYoUVQuqfRxlQhVOfoejsD2V3dVXPSbS15ov5ZyowMAzgUqcw==}

  braces@3.0.3:
    resolution: {integrity: sha512-yQbXgO/OSZVD2IsiLlro+7Hf6Q18EJrKSEsdoMzKePKXct3gvD8oLcOQdIzGupr5Fj+EDe8gO/lxc1BzfMpxvA==}
    engines: {node: '>=8'}

  debug@4.4.3:
    resolution: {integrity: sha512-RGwwWnwQvkVfavKVt22FGLw+xYSdzARwm0ru6DhTVA3umU5hZc28V3kO4stgYryrTlLpuvgI9GiijltAjNbcqA==}
    engines: {node: '>=6.0'}
    peerDependencies:
      supports-color: '*'
    peerDependenciesMeta:
      supports-color:
        optional: true

  detect-libc@1.0.3:
    resolution: {integrity: sha512-pGjwhsmsp4kL2RTz08wcOlGN83otlqHeD/Z5T8GXZB+/YcpQ/dgo+lbU8ZsGxV0HIvqqxo9l7mqYwyYMD9bKDg==}
    engines: {node: '>=0.10'}
    hasBin: true

  detect-libc@2.1.2:
    resolution: {integrity: sha512-Btj2BOOO83o3WyH59e8MgXsxEQVcarkUOpEYrubB0urwnN10yQ364rsiByU11nZlqWYZm05i/of7io4mzihBtQ==}
    engines: {node: '>=8'}

  effect@3.19.3:
    resolution: {integrity: sha512-LodiPXiyUJWQ5LoMhUGbu0acD2ff5A5teJtUlLKDPVfoeWEBcZLlzK8BeVXpVa0f30UsdHouVCf0C/E0TxYMrA==}

  esbuild@0.25.12:
    resolution: {integrity: sha512-bbPBYYrtZbkt6Os6FiTLCTFxvq4tt3JKall1vRwshA3fdVztsLAatFaZobhkBC8/BrPetoa0oksYoKXoG4ryJg==}
    engines: {node: '>=18'}
    hasBin: true

  fast-check@3.23.2:
    resolution: {integrity: sha512-h5+1OzzfCC3Ef7VbtKdcv7zsstUQwUDlYpUTvjeUsJAssPgLn7QzbboPtL5ro04Mq0rPOsMzl7q5hIbRs2wD1A==}
    engines: {node: '>=8.0.0'}

  fill-range@7.1.1:
    resolution: {integrity: sha512-YsGpe3WHLK8ZYi4tWDg2Jy3ebRz2rXowDxnld4bkQB00cc/1Zw9AWnC0i9ztDJitivtQvaI9KaLyKrc+hBW0yg==}
    engines: {node: '>=8'}

  find-my-way-ts@0.1.6:
    resolution: {integrity: sha512-a85L9ZoXtNAey3Y6Z+eBWW658kO/MwR7zIafkIUPUMf3isZG0NCs2pjW2wtjxAKuJPxMAsHUIP4ZPGv0o5gyTA==}

  is-extglob@2.1.1:
    resolution: {integrity: sha512-SbKbANkN603Vi4jEZv49LeVJMn4yGwsbzZworEoyEiutsN3nJYdbO36zfhGJ6QEDpOZIFkDtnq5JRxmvl3jsoQ==}
    engines: {node: '>=0.10.0'}

  is-glob@4.0.3:
    resolution: {integrity: sha512-xelSayHH36ZgE7ZWhli7pW34hNbNl8Ojv5KVmkJD4hBdD3th8Tfk9vYasLM+mXWOZhFkgZfxhLSnrwRr4elSSg==}
    engines: {node: '>=0.10.0'}

  is-number@7.0.0:
    resolution: {integrity: sha512-41Cifkg6e8TylSpdtTpeLVMqvSBEVzTttHvERD741+pnZ8ANv0004MRL43QKPDlK9cGvNp6NZWZUBlbGXYxxng==}
    engines: {node: '>=0.12.0'}

  kubernetes-types@1.30.0:
    resolution: {integrity: sha512-Dew1okvhM/SQcIa2rcgujNndZwU8VnSapDgdxlYoB84ZlpAD43U6KLAFqYo17ykSFGHNPrg0qry0bP+GJd9v7Q==}

  micromatch@4.0.8:
    resolution: {integrity: sha512-PXwfBhYu0hBCPw8Dn0E+WDYb7af3dSLVWKi3HGv84IdF4TyFoC0ysxFd0Goxw7nSv4T/PzEJQxsYsEiFCKo2BA==}
    engines: {node: '>=8.6'}

  mime@3.0.0:
    resolution: {integrity: sha512-jSCU7/VB1loIWBZe14aEYHU/+1UMEHoaO7qxCOVJOw9GgH72VAWppxNcjU+x9a2k3GSIBXNKxXQFqRvvZ7vr3A==}
    engines: {node: '>=10.0.0'}
    hasBin: true

  ms@2.1.3:
    resolution: {integrity: sha512-6FlzubTLZG3J2a/NVCAleEhjzq5oxgHyaCU9yYXvcLsvoVaHJq/s5xXI6/XXP6tz7R9xAOtHnSO/tXtF3WRTlA==}

  msgpackr-extract@3.0.3:
    resolution: {integrity: sha512-P0efT1C9jIdVRefqjzOQ9Xml57zpOXnIuS+csaB4MdZbTdmGDLo8XhzBG1N7aO11gKDDkJvBLULeFTo46wwreA==}
    hasBin: true

  msgpackr@1.11.5:
    resolution: {integrity: sha512-UjkUHN0yqp9RWKy0Lplhh+wlpdt9oQBYgULZOiFhV3VclSF1JnSQWZ5r9gORQlNYaUKQoR8itv7g7z1xDDuACA==}

  multipasta@0.2.7:
    resolution: {integrity: sha512-KPA58d68KgGil15oDqXjkUBEBYc00XvbPj5/X+dyzeo/lWm9Nc25pQRlf1D+gv4OpK7NM0J1odrbu9JNNGvynA==}

  node-addon-api@7.1.1:
    resolution: {integrity: sha512-5m3bsyrjFWE1xf7nz7YXdN4udnVtXK6/Yfgn5qnahL6bCkf2yKt4k3nuTKAtT4r3IG8JNR2ncsIMdZuAzJjHQQ==}

  node-gyp-build-optional-packages@5.2.2:
    resolution: {integrity: sha512-s+w+rBWnpTMwSFbaE0UXsRlg7hU4FjekKU4eyAih5T8nJuNZT1nNsskXpxmeqSK9UzkBl6UgRlnKc8hz8IEqOw==}
    hasBin: true

  picomatch@2.3.1:
    resolution: {integrity: sha512-JU3teHTNjmE2VCGFzuY8EXzCDVwEqB2a8fsIvwaStHhAWJEeVd1o1QD80CU6+ZdEXXSLbSsuLwJjkCBWqRQUVA==}
    engines: {node: '>=8.6'}

  pure-rand@6.1.0:
    resolution: {integrity: sha512-bVWawvoZoBYpp6yIoQtQXHZjmz35RSVHnUOTefl8Vcjr8snTPY1wnpSPMWekcFwbxI6gtmT7rSYPFvz71ldiOA==}

  simple-git@3.30.0:
    resolution: {integrity: sha512-q6lxyDsCmEal/MEGhP1aVyQ3oxnagGlBDOVSIB4XUVLl1iZh0Pah6ebC9V4xBap/RfgP2WlI8EKs0WS0rMEJHg==}

  to-regex-range@5.0.1:
    resolution: {integrity: sha512-65P7iz6X5yEr1cwcgvQxbbIw7Uk3gOy5dIdtZ4rDveLqhrdJP+Li/Hx6tyK0NEb+2GCyneCMJiGqrADCSNk8sQ==}
    engines: {node: '>=8.0'}

  typescript@5.9.3:
    resolution: {integrity: sha512-jl1vZzPDinLr9eUt3J/t7V6FgNEw9QjvBPdysz9KfQDD41fQrC2Y4vKQdiaUpFT4bXlb1RHhLpp8wtm6M5TgSw==}
    engines: {node: '>=14.17'}
    hasBin: true

  undici-types@6.21.0:
    resolution: {integrity: sha512-iwDZqg0QAGrg9Rav5H4n0M64c3mkR59cJ6wQp+7C4nI0gsmExaedaYLNO44eT4AtBBwjbTiGPMlt2Md0T9H9JQ==}

  undici@7.16.0:
    resolution: {integrity: sha512-QEg3HPMll0o3t2ourKwOeUAZ159Kn9mx5pnzHRQO8+Wixmh88YdZRiIwat0iNzNNXn0yoEtXJqFpyW7eM8BV7g==}
    engines: {node: '>=20.18.1'}

  uuid@11.1.0:
    resolution: {integrity: sha512-0/A9rDy9P7cJ+8w1c9WD9V//9Wj15Ce2MPz8Ri6032usz+NfePxx5AcN3bN+r6ZL6jEo066/yNYB3tn4pQEx+A==}
    hasBin: true

  ws@8.18.3:
    resolution: {integrity: sha512-PEIGCY5tSlUt50cqyMXfCzX+oOPqN0vuGqWzbcJ2xvnkzkq46oOpz7dQaTDBdfICb4N14+GARUDw2XV2N4tvzg==}
    engines: {node: '>=10.0.0'}
    peerDependencies:
      bufferutil: ^4.0.1
      utf-8-validate: '>=5.0.2'
    peerDependenciesMeta:
      bufferutil:
        optional: true
      utf-8-validate:
        optional: true

snapshots:

  '@biomejs/biome@2.3.4':
    optionalDependencies:
      '@biomejs/cli-darwin-arm64': 2.3.4
      '@biomejs/cli-darwin-x64': 2.3.4
      '@biomejs/cli-linux-arm64': 2.3.4
      '@biomejs/cli-linux-arm64-musl': 2.3.4
      '@biomejs/cli-linux-x64': 2.3.4
      '@biomejs/cli-linux-x64-musl': 2.3.4
      '@biomejs/cli-win32-arm64': 2.3.4
      '@biomejs/cli-win32-x64': 2.3.4

  '@biomejs/cli-darwin-arm64@2.3.4':
    optional: true

  '@biomejs/cli-darwin-x64@2.3.4':
    optional: true

  '@biomejs/cli-linux-arm64-musl@2.3.4':
    optional: true

  '@biomejs/cli-linux-arm64@2.3.4':
    optional: true

  '@biomejs/cli-linux-x64-musl@2.3.4':
    optional: true

  '@biomejs/cli-linux-x64@2.3.4':
    optional: true

  '@biomejs/cli-win32-arm64@2.3.4':
    optional: true

  '@biomejs/cli-win32-x64@2.3.4':
    optional: true

  '@effect/cluster@0.53.5(@effect/platform@0.93.3(effect@3.19.3))(@effect/rpc@0.72.2(@effect/platform@0.93.3(effect@3.19.3))(effect@3.19.3))(@effect/sql@0.48.0(@effect/experimental@0.57.4(@effect/platform@0.93.3(effect@3.19.3))(effect@3.19.3))(@effect/platform@0.93.3(effect@3.19.3))(effect@3.19.3))(@effect/workflow@0.13.0(@effect/experimental@0.57.4(@effect/platform@0.93.3(effect@3.19.3))(effect@3.19.3))(@effect/platform@0.93.3(effect@3.19.3))(@effect/rpc@0.72.2(@effect/platform@0.93.3(effect@3.19.3))(effect@3.19.3))(effect@3.19.3))(effect@3.19.3)':
    dependencies:
      '@effect/platform': 0.93.3(effect@3.19.3)
      '@effect/rpc': 0.72.2(@effect/platform@0.93.3(effect@3.19.3))(effect@3.19.3)
      '@effect/sql': 0.48.0(@effect/experimental@0.57.4(@effect/platform@0.93.3(effect@3.19.3))(effect@3.19.3))(@effect/platform@0.93.3(effect@3.19.3))(effect@3.19.3)
      '@effect/workflow': 0.13.0(@effect/experimental@0.57.4(@effect/platform@0.93.3(effect@3.19.3))(effect@3.19.3))(@effect/platform@0.93.3(effect@3.19.3))(@effect/rpc@0.72.2(@effect/platform@0.93.3(effect@3.19.3))(effect@3.19.3))(effect@3.19.3)
      effect: 3.19.3
      kubernetes-types: 1.30.0

  '@effect/experimental@0.57.4(@effect/platform@0.93.3(effect@3.19.3))(effect@3.19.3)':
    dependencies:
      '@effect/platform': 0.93.3(effect@3.19.3)
      effect: 3.19.3
      uuid: 11.1.0

  '@effect/language-service@0.55.2': {}

  '@effect/platform-node-shared@0.54.0(@effect/cluster@0.53.5(@effect/platform@0.93.3(effect@3.19.3))(@effect/rpc@0.72.2(@effect/platform@0.93.3(effect@3.19.3))(effect@3.19.3))(@effect/sql@0.48.0(@effect/experimental@0.57.4(@effect/platform@0.93.3(effect@3.19.3))(effect@3.19.3))(@effect/platform@0.93.3(effect@3.19.3))(effect@3.19.3))(@effect/workflow@0.13.0(@effect/experimental@0.57.4(@effect/platform@0.93.3(effect@3.19.3))(effect@3.19.3))(@effect/platform@0.93.3(effect@3.19.3))(@effect/rpc@0.72.2(@effect/platform@0.93.3(effect@3.19.3))(effect@3.19.3))(effect@3.19.3))(effect@3.19.3))(@effect/platform@0.93.3(effect@3.19.3))(@effect/rpc@0.72.2(@effect/platform@0.93.3(effect@3.19.3))(effect@3.19.3))(@effect/sql@0.48.0(@effect/experimental@0.57.4(@effect/platform@0.93.3(effect@3.19.3))(effect@3.19.3))(@effect/platform@0.93.3(effect@3.19.3))(effect@3.19.3))(effect@3.19.3)':
    dependencies:
      '@effect/cluster': 0.53.5(@effect/platform@0.93.3(effect@3.19.3))(@effect/rpc@0.72.2(@effect/platform@0.93.3(effect@3.19.3))(effect@3.19.3))(@effect/sql@0.48.0(@effect/experimental@0.57.4(@effect/platform@0.93.3(effect@3.19.3))(effect@3.19.3))(@effect/platform@0.93.3(effect@3.19.3))(effect@3.19.3))(@effect/workflow@0.13.0(@effect/experimental@0.57.4(@effect/platform@0.93.3(effect@3.19.3))(effect@3.19.3))(@effect/platform@0.93.3(effect@3.19.3))(@effect/rpc@0.72.2(@effect/platform@0.93.3(effect@3.19.3))(effect@3.19.3))(effect@3.19.3))(effect@3.19.3)
      '@effect/platform': 0.93.3(effect@3.19.3)
      '@effect/rpc': 0.72.2(@effect/platform@0.93.3(effect@3.19.3))(effect@3.19.3)
      '@effect/sql': 0.48.0(@effect/experimental@0.57.4(@effect/platform@0.93.3(effect@3.19.3))(effect@3.19.3))(@effect/platform@0.93.3(effect@3.19.3))(effect@3.19.3)
      '@parcel/watcher': 2.5.1
      effect: 3.19.3
      multipasta: 0.2.7
      ws: 8.18.3
    transitivePeerDependencies:
      - bufferutil
      - utf-8-validate

  '@effect/platform-node@0.101.1(@effect/cluster@0.53.5(@effect/platform@0.93.3(effect@3.19.3))(@effect/rpc@0.72.2(@effect/platform@0.93.3(effect@3.19.3))(effect@3.19.3))(@effect/sql@0.48.0(@effect/experimental@0.57.4(@effect/platform@0.93.3(effect@3.19.3))(effect@3.19.3))(@effect/platform@0.93.3(effect@3.19.3))(effect@3.19.3))(@effect/workflow@0.13.0(@effect/experimental@0.57.4(@effect/platform@0.93.3(effect@3.19.3))(effect@3.19.3))(@effect/platform@0.93.3(effect@3.19.3))(@effect/rpc@0.72.2(@effect/platform@0.93.3(effect@3.19.3))(effect@3.19.3))(effect@3.19.3))(effect@3.19.3))(@effect/platform@0.93.3(effect@3.19.3))(@effect/rpc@0.72.2(@effect/platform@0.93.3(effect@3.19.3))(effect@3.19.3))(@effect/sql@0.48.0(@effect/experimental@0.57.4(@effect/platform@0.93.3(effect@3.19.3))(effect@3.19.3))(@effect/platform@0.93.3(effect@3.19.3))(effect@3.19.3))(effect@3.19.3)':
    dependencies:
      '@effect/cluster': 0.53.5(@effect/platform@0.93.3(effect@3.19.3))(@effect/rpc@0.72.2(@effect/platform@0.93.3(effect@3.19.3))(effect@3.19.3))(@effect/sql@0.48.0(@effect/experimental@0.57.4(@effect/platform@0.93.3(effect@3.19.3))(effect@3.19.3))(@effect/platform@0.93.3(effect@3.19.3))(effect@3.19.3))(@effect/workflow@0.13.0(@effect/experimental@0.57.4(@effect/platform@0.93.3(effect@3.19.3))(effect@3.19.3))(@effect/platform@0.93.3(effect@3.19.3))(@effect/rpc@0.72.2(@effect/platform@0.93.3(effect@3.19.3))(effect@3.19.3))(effect@3.19.3))(effect@3.19.3)
      '@effect/platform': 0.93.3(effect@3.19.3)
      '@effect/platform-node-shared': 0.54.0(@effect/cluster@0.53.5(@effect/platform@0.93.3(effect@3.19.3))(@effect/rpc@0.72.2(@effect/platform@0.93.3(effect@3.19.3))(effect@3.19.3))(@effect/sql@0.48.0(@effect/experimental@0.57.4(@effect/platform@0.93.3(effect@3.19.3))(effect@3.19.3))(@effect/platform@0.93.3(effect@3.19.3))(effect@3.19.3))(@effect/workflow@0.13.0(@effect/experimental@0.57.4(@effect/platform@0.93.3(effect@3.19.3))(effect@3.19.3))(@effect/platform@0.93.3(effect@3.19.3))(@effect/rpc@0.72.2(@effect/platform@0.93.3(effect@3.19.3))(effect@3.19.3))(effect@3.19.3))(effect@3.19.3))(@effect/platform@0.93.3(effect@3.19.3))(@effect/rpc@0.72.2(@effect/platform@0.93.3(effect@3.19.3))(effect@3.19.3))(@effect/sql@0.48.0(@effect/experimental@0.57.4(@effect/platform@0.93.3(effect@3.19.3))(effect@3.19.3))(@effect/platform@0.93.3(effect@3.19.3))(effect@3.19.3))(effect@3.19.3)
      '@effect/rpc': 0.72.2(@effect/platform@0.93.3(effect@3.19.3))(effect@3.19.3)
      '@effect/sql': 0.48.0(@effect/experimental@0.57.4(@effect/platform@0.93.3(effect@3.19.3))(effect@3.19.3))(@effect/platform@0.93.3(effect@3.19.3))(effect@3.19.3)
      effect: 3.19.3
      mime: 3.0.0
      undici: 7.16.0
      ws: 8.18.3
    transitivePeerDependencies:
      - bufferutil
      - utf-8-validate

  '@effect/platform@0.93.3(effect@3.19.3)':
    dependencies:
      effect: 3.19.3
      find-my-way-ts: 0.1.6
      msgpackr: 1.11.5
      multipasta: 0.2.7

  '@effect/rpc@0.72.2(@effect/platform@0.93.3(effect@3.19.3))(effect@3.19.3)':
    dependencies:
      '@effect/platform': 0.93.3(effect@3.19.3)
      effect: 3.19.3
      msgpackr: 1.11.5

  '@effect/sql@0.48.0(@effect/experimental@0.57.4(@effect/platform@0.93.3(effect@3.19.3))(effect@3.19.3))(@effect/platform@0.93.3(effect@3.19.3))(effect@3.19.3)':
    dependencies:
      '@effect/experimental': 0.57.4(@effect/platform@0.93.3(effect@3.19.3))(effect@3.19.3)
      '@effect/platform': 0.93.3(effect@3.19.3)
      effect: 3.19.3
      uuid: 11.1.0

  '@effect/workflow@0.13.0(@effect/experimental@0.57.4(@effect/platform@0.93.3(effect@3.19.3))(effect@3.19.3))(@effect/platform@0.93.3(effect@3.19.3))(@effect/rpc@0.72.2(@effect/platform@0.93.3(effect@3.19.3))(effect@3.19.3))(effect@3.19.3)':
    dependencies:
      '@effect/experimental': 0.57.4(@effect/platform@0.93.3(effect@3.19.3))(effect@3.19.3)
      '@effect/platform': 0.93.3(effect@3.19.3)
      '@effect/rpc': 0.72.2(@effect/platform@0.93.3(effect@3.19.3))(effect@3.19.3)
      effect: 3.19.3

  '@esbuild/aix-ppc64@0.25.12':
    optional: true

  '@esbuild/android-arm64@0.25.12':
    optional: true

  '@esbuild/android-arm@0.25.12':
    optional: true

  '@esbuild/android-x64@0.25.12':
    optional: true

  '@esbuild/darwin-arm64@0.25.12':
    optional: true

  '@esbuild/darwin-x64@0.25.12':
    optional: true

  '@esbuild/freebsd-arm64@0.25.12':
    optional: true

  '@esbuild/freebsd-x64@0.25.12':
    optional: true

  '@esbuild/linux-arm64@0.25.12':
    optional: true

  '@esbuild/linux-arm@0.25.12':
    optional: true

  '@esbuild/linux-ia32@0.25.12':
    optional: true

  '@esbuild/linux-loong64@0.25.12':
    optional: true

  '@esbuild/linux-mips64el@0.25.12':
    optional: true

  '@esbuild/linux-ppc64@0.25.12':
    optional: true

  '@esbuild/linux-riscv64@0.25.12':
    optional: true

  '@esbuild/linux-s390x@0.25.12':
    optional: true

  '@esbuild/linux-x64@0.25.12':
    optional: true

  '@esbuild/netbsd-arm64@0.25.12':
    optional: true

  '@esbuild/netbsd-x64@0.25.12':
    optional: true

  '@esbuild/openbsd-arm64@0.25.12':
    optional: true

  '@esbuild/openbsd-x64@0.25.12':
    optional: true

  '@esbuild/openharmony-arm64@0.25.12':
    optional: true

  '@esbuild/sunos-x64@0.25.12':
    optional: true

  '@esbuild/win32-arm64@0.25.12':
    optional: true

  '@esbuild/win32-ia32@0.25.12':
    optional: true

  '@esbuild/win32-x64@0.25.12':
    optional: true

  '@kwsites/file-exists@1.1.1':
    dependencies:
      debug: 4.4.3
    transitivePeerDependencies:
      - supports-color

  '@kwsites/promise-deferred@1.1.1': {}

  '@msgpackr-extract/msgpackr-extract-darwin-arm64@3.0.3':
    optional: true

  '@msgpackr-extract/msgpackr-extract-darwin-x64@3.0.3':
    optional: true

  '@msgpackr-extract/msgpackr-extract-linux-arm64@3.0.3':
    optional: true

  '@msgpackr-extract/msgpackr-extract-linux-arm@3.0.3':
    optional: true

  '@msgpackr-extract/msgpackr-extract-linux-x64@3.0.3':
    optional: true

  '@msgpackr-extract/msgpackr-extract-win32-x64@3.0.3':
    optional: true

  '@parcel/watcher-android-arm64@2.5.1':
    optional: true

  '@parcel/watcher-darwin-arm64@2.5.1':
    optional: true

  '@parcel/watcher-darwin-x64@2.5.1':
    optional: true

  '@parcel/watcher-freebsd-x64@2.5.1':
    optional: true

  '@parcel/watcher-linux-arm-glibc@2.5.1':
    optional: true

  '@parcel/watcher-linux-arm-musl@2.5.1':
    optional: true

  '@parcel/watcher-linux-arm64-glibc@2.5.1':
    optional: true

  '@parcel/watcher-linux-arm64-musl@2.5.1':
    optional: true

  '@parcel/watcher-linux-x64-glibc@2.5.1':
    optional: true

  '@parcel/watcher-linux-x64-musl@2.5.1':
    optional: true

  '@parcel/watcher-win32-arm64@2.5.1':
    optional: true

  '@parcel/watcher-win32-ia32@2.5.1':
    optional: true

  '@parcel/watcher-win32-x64@2.5.1':
    optional: true

  '@parcel/watcher@2.5.1':
    dependencies:
      detect-libc: 1.0.3
      is-glob: 4.0.3
      micromatch: 4.0.8
      node-addon-api: 7.1.1
    optionalDependencies:
      '@parcel/watcher-android-arm64': 2.5.1
      '@parcel/watcher-darwin-arm64': 2.5.1
      '@parcel/watcher-darwin-x64': 2.5.1
      '@parcel/watcher-freebsd-x64': 2.5.1
      '@parcel/watcher-linux-arm-glibc': 2.5.1
      '@parcel/watcher-linux-arm-musl': 2.5.1
      '@parcel/watcher-linux-arm64-glibc': 2.5.1
      '@parcel/watcher-linux-arm64-musl': 2.5.1
      '@parcel/watcher-linux-x64-glibc': 2.5.1
      '@parcel/watcher-linux-x64-musl': 2.5.1
      '@parcel/watcher-win32-arm64': 2.5.1
      '@parcel/watcher-win32-ia32': 2.5.1
      '@parcel/watcher-win32-x64': 2.5.1

  '@standard-schema/spec@1.0.0': {}

  '@types/node@22.19.0':
    dependencies:
      undici-types: 6.21.0

  '@types/vscode@1.105.0': {}

  braces@3.0.3:
    dependencies:
      fill-range: 7.1.1

  debug@4.4.3:
    dependencies:
      ms: 2.1.3

  detect-libc@1.0.3: {}

  detect-libc@2.1.2:
    optional: true

  effect@3.19.3:
    dependencies:
      '@standard-schema/spec': 1.0.0
      fast-check: 3.23.2

  esbuild@0.25.12:
    optionalDependencies:
      '@esbuild/aix-ppc64': 0.25.12
      '@esbuild/android-arm': 0.25.12
      '@esbuild/android-arm64': 0.25.12
      '@esbuild/android-x64': 0.25.12
      '@esbuild/darwin-arm64': 0.25.12
      '@esbuild/darwin-x64': 0.25.12
      '@esbuild/freebsd-arm64': 0.25.12
      '@esbuild/freebsd-x64': 0.25.12
      '@esbuild/linux-arm': 0.25.12
      '@esbuild/linux-arm64': 0.25.12
      '@esbuild/linux-ia32': 0.25.12
      '@esbuild/linux-loong64': 0.25.12
      '@esbuild/linux-mips64el': 0.25.12
      '@esbuild/linux-ppc64': 0.25.12
      '@esbuild/linux-riscv64': 0.25.12
      '@esbuild/linux-s390x': 0.25.12
      '@esbuild/linux-x64': 0.25.12
      '@esbuild/netbsd-arm64': 0.25.12
      '@esbuild/netbsd-x64': 0.25.12
      '@esbuild/openbsd-arm64': 0.25.12
      '@esbuild/openbsd-x64': 0.25.12
      '@esbuild/openharmony-arm64': 0.25.12
      '@esbuild/sunos-x64': 0.25.12
      '@esbuild/win32-arm64': 0.25.12
      '@esbuild/win32-ia32': 0.25.12
      '@esbuild/win32-x64': 0.25.12

  fast-check@3.23.2:
    dependencies:
      pure-rand: 6.1.0

  fill-range@7.1.1:
    dependencies:
      to-regex-range: 5.0.1

  find-my-way-ts@0.1.6: {}

  is-extglob@2.1.1: {}

  is-glob@4.0.3:
    dependencies:
      is-extglob: 2.1.1

  is-number@7.0.0: {}

  kubernetes-types@1.30.0: {}

  micromatch@4.0.8:
    dependencies:
      braces: 3.0.3
      picomatch: 2.3.1

  mime@3.0.0: {}

  ms@2.1.3: {}

  msgpackr-extract@3.0.3:
    dependencies:
      node-gyp-build-optional-packages: 5.2.2
    optionalDependencies:
      '@msgpackr-extract/msgpackr-extract-darwin-arm64': 3.0.3
      '@msgpackr-extract/msgpackr-extract-darwin-x64': 3.0.3
      '@msgpackr-extract/msgpackr-extract-linux-arm': 3.0.3
      '@msgpackr-extract/msgpackr-extract-linux-arm64': 3.0.3
      '@msgpackr-extract/msgpackr-extract-linux-x64': 3.0.3
      '@msgpackr-extract/msgpackr-extract-win32-x64': 3.0.3
    optional: true

  msgpackr@1.11.5:
    optionalDependencies:
      msgpackr-extract: 3.0.3

  multipasta@0.2.7: {}

  node-addon-api@7.1.1: {}

  node-gyp-build-optional-packages@5.2.2:
    dependencies:
      detect-libc: 2.1.2
    optional: true

  picomatch@2.3.1: {}

  pure-rand@6.1.0: {}

  simple-git@3.30.0:
    dependencies:
      '@kwsites/file-exists': 1.1.1
      '@kwsites/promise-deferred': 1.1.1
      debug: 4.4.3
    transitivePeerDependencies:
      - supports-color

  to-regex-range@5.0.1:
    dependencies:
      is-number: 7.0.0

  typescript@5.9.3: {}

  undici-types@6.21.0: {}

  undici@7.16.0: {}

  uuid@11.1.0: {}

  ws@8.18.3: {}
